
Microsoft Visual Studio Solution File, Format Version 12.00
# Visual Studio 15
VisualStudioVersion = 15.0.28307.1000
MinimumVisualStudioVersion = 10.0.40219.1
Project("{FAE04EC0-301F-11D3-BF4B-00C04F79EFBC}") = "AutentificationASP", "AutentificationASP\AutentificationASP.csproj", "{B160F71B-4B3A-48F0-BE75-909699FCF707}"
EndProject
Global
	GlobalSection(SolutionConfigurationPlatforms) = preSolution
		Debug|Any CPU = Debug|Any CPU
		Release|Any CPU = Release|Any CPU
	EndGlobalSection
	GlobalSection(ProjectConfigurationPlatforms) = postSolution
		{B160F71B-4B3A-48F0-BE75-909699FCF707}.Debug|Any CPU.ActiveCfg = Debug|Any CPU
		{B160F71B-4B3A-48F0-BE75-909699FCF707}.Debug|Any CPU.Build.0 = Debug|Any CPU
		{B160F71B-4B3A-48F0-BE75-909699FCF707}.Release|Any CPU.ActiveCfg = Release|Any CPU
		{B160F71B-4B3A-48F0-BE75-909699FCF707}.Release|Any CPU.Build.0 = Release|Any CPU
	EndGlobalSection
	GlobalSection(SolutionProperties) = preSolution
		HideSolutionNode = FALSE
	EndGlobalSection
	GlobalSection(ExtensibilityGlobals) = postSolution
		SolutionGuid = {B82DA185-66BA-4EC8-A475-BA6E0BD89723}
	EndGlobalSection
EndGlobal
